
Microsoft Visual Studio Solution File, Format Version 12.00
# Visual Studio Version 17
VisualStudioVersion = 17.4.33103.184
MinimumVisualStudioVersion = 10.0.40219.1
Project("{FAE04EC0-301F-11D3-BF4B-00C04F79EFBC}") = "hello_world_api_ui", "hello_world_api_ui\hello_world_api_ui.csproj", "{9DC0F629-A773-4A39-A869-1F47727DB934}"
EndProject
Project("{9A19103F-16F7-4668-BE54-9A1E7A4F7556}") = "hello_world-cli", "hello_world-cli\hello_world-cli.csproj", "{919675A8-C2F7-48D9-8E7B-173E284FF71C}"
EndProject
Project("{FAE04EC0-301F-11D3-BF4B-00C04F79EFBC}") = "HelloWebApi", "HelloWebApi\HelloWebApi.csproj", "{03E959BC-49F9-4DB9-97D2-AA3D94814F87}"
EndProject
Global
	GlobalSection(SolutionConfigurationPlatforms) = preSolution
		Debug|Any CPU = Debug|Any CPU
		Release|Any CPU = Release|Any CPU
	EndGlobalSection
	GlobalSection(ProjectConfigurationPlatforms) = postSolution
		{9DC0F629-A773-4A39-A869-1F47727DB934}.Debug|Any CPU.ActiveCfg = Debug|Any CPU
		{9DC0F629-A773-4A39-A869-1F47727DB934}.Debug|Any CPU.Build.0 = Debug|Any CPU
		{9DC0F629-A773-4A39-A869-1F47727DB934}.Release|Any CPU.ActiveCfg = Release|Any CPU
		{9DC0F629-A773-4A39-A869-1F47727DB934}.Release|Any CPU.Build.0 = Release|Any CPU
		{919675A8-C2F7-48D9-8E7B-173E284FF71C}.Debug|Any CPU.ActiveCfg = Debug|Any CPU
		{919675A8-C2F7-48D9-8E7B-173E284FF71C}.Debug|Any CPU.Build.0 = Debug|Any CPU
		{919675A8-C2F7-48D9-8E7B-173E284FF71C}.Release|Any CPU.ActiveCfg = Release|Any CPU
		{919675A8-C2F7-48D9-8E7B-173E284FF71C}.Release|Any CPU.Build.0 = Release|Any CPU
		{03E959BC-49F9-4DB9-97D2-AA3D94814F87}.Debug|Any CPU.ActiveCfg = Debug|Any CPU
		{03E959BC-49F9-4DB9-97D2-AA3D94814F87}.Debug|Any CPU.Build.0 = Debug|Any CPU
		{03E959BC-49F9-4DB9-97D2-AA3D94814F87}.Release|Any CPU.ActiveCfg = Release|Any CPU
		{03E959BC-49F9-4DB9-97D2-AA3D94814F87}.Release|Any CPU.Build.0 = Release|Any CPU
	EndGlobalSection
	GlobalSection(SolutionProperties) = preSolution
		HideSolutionNode = FALSE
	EndGlobalSection
	GlobalSection(ExtensibilityGlobals) = postSolution
		SolutionGuid = {2EDD8551-2C8B-428D-9573-207E15977C45}
	EndGlobalSection
EndGlobal
